
Microsoft Visual Studio Solution File, Format Version 12.00
# Visual Studio 15
VisualStudioVersion = 15.0.27703.2026
MinimumVisualStudioVersion = 10.0.40219.1
Project("{FAE04EC0-301F-11D3-BF4B-00C04F79EFBC}") = "DemoVueJS", "DemoVueJS\DemoVueJS.csproj", "{04BD6572-9C05-4776-B097-F6F896C6B40B}"
EndProject
Global
	GlobalSection(SolutionConfigurationPlatforms) = preSolution
		Debug|Any CPU = Debug|Any CPU
		Release|Any CPU = Release|Any CPU
	EndGlobalSection
	GlobalSection(ProjectConfigurationPlatforms) = postSolution
		{04BD6572-9C05-4776-B097-F6F896C6B40B}.Debug|Any CPU.ActiveCfg = Debug|Any CPU
		{04BD6572-9C05-4776-B097-F6F896C6B40B}.Debug|Any CPU.Build.0 = Debug|Any CPU
		{04BD6572-9C05-4776-B097-F6F896C6B40B}.Release|Any CPU.ActiveCfg = Release|Any CPU
		{04BD6572-9C05-4776-B097-F6F896C6B40B}.Release|Any CPU.Build.0 = Release|Any CPU
	EndGlobalSection
	GlobalSection(SolutionProperties) = preSolution
		HideSolutionNode = FALSE
	EndGlobalSection
	GlobalSection(ExtensibilityGlobals) = postSolution
		SolutionGuid = {7196C8D3-FB85-4C5A-822D-CE577CE2AF86}
	EndGlobalSection
EndGlobal
